
Microsoft Visual Studio Solution File, Format Version 12.00
# Visual Studio Version 17
VisualStudioVersion = 17.5.33627.172
MinimumVisualStudioVersion = 10.0.40219.1
Project("{FAE04EC0-301F-11D3-BF4B-00C04F79EFBC}") = "Hm_to_Femap_list", "Hm_to_Femap_list\Hm_to_Femap_list.csproj", "{8173ABDC-759D-4142-9654-12BE060FF935}"
EndProject
Global
	GlobalSection(SolutionConfigurationPlatforms) = preSolution
		Debug|Any CPU = Debug|Any CPU
		Release|Any CPU = Release|Any CPU
	EndGlobalSection
	GlobalSection(ProjectConfigurationPlatforms) = postSolution
		{8173ABDC-759D-4142-9654-12BE060FF935}.Debug|Any CPU.ActiveCfg = Debug|Any CPU
		{8173ABDC-759D-4142-9654-12BE060FF935}.Debug|Any CPU.Build.0 = Debug|Any CPU
		{8173ABDC-759D-4142-9654-12BE060FF935}.Release|Any CPU.ActiveCfg = Release|Any CPU
		{8173ABDC-759D-4142-9654-12BE060FF935}.Release|Any CPU.Build.0 = Release|Any CPU
	EndGlobalSection
	GlobalSection(SolutionProperties) = preSolution
		HideSolutionNode = FALSE
	EndGlobalSection
	GlobalSection(ExtensibilityGlobals) = postSolution
		SolutionGuid = {18C44795-9BE7-4B2E-9B98-9C10B07EA22B}
	EndGlobalSection
EndGlobal
